
Microsoft Visual Studio Solution File, Format Version 12.00
# Visual Studio Version 17
VisualStudioVersion = 17.3.32811.315
MinimumVisualStudioVersion = 10.0.40219.1
Project("{FAE04EC0-301F-11D3-BF4B-00C04F79EFBC}") = "AmandsGraphics", "AmandsGraphics\AmandsGraphics.csproj", "{E1F4631C-7767-4EB8-B34F-EBB8F4E85709}"
EndProject
Global
	GlobalSection(SolutionConfigurationPlatforms) = preSolution
		Debug|Any CPU = Debug|Any CPU
		Release|Any CPU = Release|Any CPU
	EndGlobalSection
	GlobalSection(ProjectConfigurationPlatforms) = postSolution
		{E1F4631C-7767-4EB8-B34F-EBB8F4E85709}.Debug|Any CPU.ActiveCfg = Debug|Any CPU
		{E1F4631C-7767-4EB8-B34F-EBB8F4E85709}.Debug|Any CPU.Build.0 = Debug|Any CPU
		{E1F4631C-7767-4EB8-B34F-EBB8F4E85709}.Release|Any CPU.ActiveCfg = Release|Any CPU
		{E1F4631C-7767-4EB8-B34F-EBB8F4E85709}.Release|Any CPU.Build.0 = Release|Any CPU
	EndGlobalSection
	GlobalSection(SolutionProperties) = preSolution
		HideSolutionNode = FALSE
	EndGlobalSection
	GlobalSection(ExtensibilityGlobals) = postSolution
		SolutionGuid = {6A2A6D78-FB08-4DD0-805C-78C294042C09}
	EndGlobalSection
EndGlobal
